
Microsoft Visual Studio Solution File, Format Version 11.00
# Visual Studio 2010
Project("{FAE04EC0-301F-11D3-BF4B-00C04F79EFBC}") = "Disassembler", "Disassembler.csproj", "{FFFEDF07-DA72-4939-97CC-31E568936745}"
EndProject
Project("{8BC9CEB8-8B4A-11D0-8D11-00A0C91BC942}") = "Disasm", "..\Disasm\Disasm.vcxproj", "{97A3BE4C-F2FE-47B5-9A1D-8429DC786148}"
EndProject
Global
	GlobalSection(SolutionConfigurationPlatforms) = preSolution
		Debug|Mixed Platforms = Debug|Mixed Platforms
		Debug|Win32 = Debug|Win32
		Debug|x86 = Debug|x86
		Release|Mixed Platforms = Release|Mixed Platforms
		Release|Win32 = Release|Win32
		Release|x86 = Release|x86
	EndGlobalSection
	GlobalSection(ProjectConfigurationPlatforms) = postSolution
		{FFFEDF07-DA72-4939-97CC-31E568936745}.Debug|Mixed Platforms.ActiveCfg = Debug|x86
		{FFFEDF07-DA72-4939-97CC-31E568936745}.Debug|Mixed Platforms.Build.0 = Debug|x86
		{FFFEDF07-DA72-4939-97CC-31E568936745}.Debug|Win32.ActiveCfg = Debug|x86
		{FFFEDF07-DA72-4939-97CC-31E568936745}.Debug|x86.ActiveCfg = Debug|x86
		{FFFEDF07-DA72-4939-97CC-31E568936745}.Debug|x86.Build.0 = Debug|x86
		{FFFEDF07-DA72-4939-97CC-31E568936745}.Release|Mixed Platforms.ActiveCfg = Release|x86
		{FFFEDF07-DA72-4939-97CC-31E568936745}.Release|Mixed Platforms.Build.0 = Release|x86
		{FFFEDF07-DA72-4939-97CC-31E568936745}.Release|Win32.ActiveCfg = Release|x86
		{FFFEDF07-DA72-4939-97CC-31E568936745}.Release|x86.ActiveCfg = Release|x86
		{FFFEDF07-DA72-4939-97CC-31E568936745}.Release|x86.Build.0 = Release|x86
		{97A3BE4C-F2FE-47B5-9A1D-8429DC786148}.Debug|Mixed Platforms.ActiveCfg = Debug|Win32
		{97A3BE4C-F2FE-47B5-9A1D-8429DC786148}.Debug|Mixed Platforms.Build.0 = Debug|Win32
		{97A3BE4C-F2FE-47B5-9A1D-8429DC786148}.Debug|Win32.ActiveCfg = Debug|Win32
		{97A3BE4C-F2FE-47B5-9A1D-8429DC786148}.Debug|Win32.Build.0 = Debug|Win32
		{97A3BE4C-F2FE-47B5-9A1D-8429DC786148}.Debug|x86.ActiveCfg = Debug|Win32
		{97A3BE4C-F2FE-47B5-9A1D-8429DC786148}.Release|Mixed Platforms.ActiveCfg = Release|Win32
		{97A3BE4C-F2FE-47B5-9A1D-8429DC786148}.Release|Mixed Platforms.Build.0 = Release|Win32
		{97A3BE4C-F2FE-47B5-9A1D-8429DC786148}.Release|Win32.ActiveCfg = Release|Win32
		{97A3BE4C-F2FE-47B5-9A1D-8429DC786148}.Release|Win32.Build.0 = Release|Win32
		{97A3BE4C-F2FE-47B5-9A1D-8429DC786148}.Release|x86.ActiveCfg = Release|Win32
	EndGlobalSection
	GlobalSection(SolutionProperties) = preSolution
		HideSolutionNode = FALSE
	EndGlobalSection
EndGlobal
